
Microsoft Visual Studio Solution File, Format Version 12.00
# Visual Studio Version 17
VisualStudioVersion = 17.11.35327.3
MinimumVisualStudioVersion = 10.0.40219.1
Project("{9A19103F-16F7-4668-BE54-9A1E7A4F7556}") = "DataModule", "DataModule.csproj", "{1A61187A-78AE-4577-A123-FFC6BE325D69}"
EndProject
Global
	GlobalSection(SolutionConfigurationPlatforms) = preSolution
		Debug|Any CPU = Debug|Any CPU
		Release|Any CPU = Release|Any CPU
	EndGlobalSection
	GlobalSection(ProjectConfigurationPlatforms) = postSolution
		{1A61187A-78AE-4577-A123-FFC6BE325D69}.Debug|Any CPU.ActiveCfg = Debug|Any CPU
		{1A61187A-78AE-4577-A123-FFC6BE325D69}.Debug|Any CPU.Build.0 = Debug|Any CPU
		{1A61187A-78AE-4577-A123-FFC6BE325D69}.Release|Any CPU.ActiveCfg = Release|Any CPU
		{1A61187A-78AE-4577-A123-FFC6BE325D69}.Release|Any CPU.Build.0 = Release|Any CPU
	EndGlobalSection
	GlobalSection(SolutionProperties) = preSolution
		HideSolutionNode = FALSE
	EndGlobalSection
	GlobalSection(ExtensibilityGlobals) = postSolution
		SolutionGuid = {44ECE62E-45B2-4C62-93D6-B13EE0696BE6}
	EndGlobalSection
EndGlobal
